PODS:
  - ATSDK-Weex (0.0.1)
  - lottie-ios (1.5.1)
  - SDWebImage (3.7.5):
    - SDWebImage/Core (= 3.7.5)
  - SDWebImage/Core (3.7.5)
  - SocketRocket (0.4.2)
  - WeexPluginLoader (0.0.1.9.1):
    - WeexSDK
  - WeexSDK (0.16.0):
    - SocketRocket
  - WXDevtool (0.15.1):
    - WeexSDK
  - WXLottie (0.0.1):
    - WeexPluginLoader
    - WeexSDK

DEPENDENCIES:
  - ATSDK-Weex (= 0.0.1)
  - lottie-ios (from `https://github.com/airbnb/lottie-ios.git`, tag `1.5.1`)
  - SDWebImage (= 3.7.5)
  - SocketRocket (= 0.4.2)
  - WeexPluginLoader
  - WeexSDK (from `https://github.com/apache/incubator-weex`, branch `0.16-dev`)
  - WXDevtool (= 0.15.1)
  - WXLottie (from `../../`)

EXTERNAL SOURCES:
  lottie-ios:
    :git: https://github.com/airbnb/lottie-ios.git
    :tag: 1.5.1
  WeexSDK:
    :branch: 0.16-dev
    :git: https://github.com/apache/incubator-weex
  WXLottie:
    :path: "../../"

CHECKOUT OPTIONS:
  lottie-ios:
    :git: https://github.com/airbnb/lottie-ios.git
    :tag: 1.5.1
  WeexSDK:
    :commit: cf40471e6bfe5242f98f0058c7a8e6beb4c537e3
    :git: https://github.com/apache/incubator-weex

SPEC CHECKSUMS:
  ATSDK-Weex: 1b27558f4336d77fb97704d34fc6ad1fd468592c
  lottie-ios: f680a7c4cb7a567ecf258fde0f967913aff111b8
  SDWebImage: 69c6303e3348fba97e03f65d65d4fbc26740f461
  SocketRocket: ffe08119b00ef982f6c37052a4705a057c8494ad
  WeexPluginLoader: 85c1304f8ba29864e58531614a0acfeceef1b85c
  WeexSDK: e9c2dad833c39c3016b554fc419b31d96fe044fb
  WXDevtool: 5b26fd79451f215d7acdee89e5e2f3be491a1393
  WXLottie: eeef300a83c6f6a8bd7b93cd5dd5462bc4b3387f

PODFILE CHECKSUM: ded6bf9ed2afa3b572fdca0bbbb9f6c333004c22

COCOAPODS: 1.2.1.rc.1
